// !$*UTF8*$!
{
	archiveVersion = 1;
	classes = {
	};
	objectVersion = 77;
	objects = {

/* Begin PBXContainerItemProxy section */
		F25D8DEE2EBDBB9900A03A61 /* PBXContainerItemProxy */ = {
			isa = PBXContainerItemProxy;
			containerPortal = F25D8DD82EBDBB9700A03A61 /* Project object */;
			proxyType = 1;
			remoteGlobalIDString = F25D8DDF2EBDBB9700A03A61;
			remoteInfo = MinGSwiftUILibrary;
		};
		F25D8DF82EBDBB9900A03A61 /* PBXContainerItemProxy */ = {
			isa = PBXContainerItemProxy;
			containerPortal = F25D8DD82EBDBB9700A03A61 /* Project object */;
			proxyType = 1;
			remoteGlobalIDString = F25D8DDF2EBDBB9700A03A61;
			remoteInfo = MinGSwiftUILibrary;
		};
/* End PBXContainerItemProxy section */

/* Begin PBXFileReference section */
		F25D8DE02EBDBB9700A03A61 /* MinGSwiftUILibrary.app */ = {isa = PBXFileReference; explicitFileType = wrapper.application; includeInIndex = 0; path = MinGSwiftUILibrary.app; sourceTree = BUILT_PRODUCTS_DIR; };
		F25D8DED2EBDBB9900A03A61 /* MinGSwiftUILibraryTests.xctest */ = {isa = PBXFileReference; explicitFileType = wrapper.cfbundle; includeInIndex = 0; path = MinGSwiftUILibraryTests.xctest; sourceTree = BUILT_PRODUCTS_DIR; };
		F25D8DF72EBDBB9900A03A61 /* MinGSwiftUILibraryUITests.xctest */ = {isa = PBXFileReference; explicitFileType = wrapper.cfbundle; includeInIndex = 0; path = MinGSwiftUILibraryUITests.xctest; sourceTree = BUILT_PRODUCTS_DIR; };
/* End PBXFileReference section */

/* Begin PBXFileSystemSynchronizedRootGroup section */
		F25D8DE22EBDBB9700A03A61 /* MinGSwiftUILibrary */ = {
			isa = PBXFileSystemSynchronizedRootGroup;
			path = MinGSwiftUILibrary;
			sourceTree = "<group>";
		};
		F25D8DF02EBDBB9900A03A61 /* MinGSwiftUILibraryTests */ = {
			isa = PBXFileSystemSynchronizedRootGroup;
			path = MinGSwiftUILibraryTests;
			sourceTree = "<group>";
		};
		F25D8DFA2EBDBB9900A03A61 /* MinGSwiftUILibraryUITests */ = {
			isa = PBXFileSystemSynchronizedRootGroup;
			path = MinGSwiftUILibraryUITests;
			sourceTree = "<group>";
		};
/* End PBXFileSystemSynchronizedRootGroup section */

/* Begin PBXFrameworksBuildPhase section */
		F25D8DDD2EBDBB9700A03A61 /* Frameworks */ = {
			isa = PBXFrameworksBuildPhase;
			buildActionMask = 2147483647;
			files = (
			);
			runOnlyForDeploymentPostprocessing = 0;
		};
		F25D8DEA2EBDBB9900A03A61 /* Frameworks */ = {
			isa = PBXFrameworksBuildPhase;
			buildActionMask = 2147483647;
			files = (
			);
			runOnlyForDeploymentPostprocessing = 0;
		};
		F25D8DF42EBDBB9900A03A61 /* Frameworks */ = {
			isa = PBXFrameworksBuildPhase;
			buildActionMask = 2147483647;
			files = (
			);
			runOnlyForDeploymentPostprocessing = 0;
		};
/* End PBXFrameworksBuildPhase section */

/* Begin PBXGroup section */
		F25D8DD72EBDBB9700A03A61 = {
			isa = PBXGroup;
			children = (
				F25D8DE22EBDBB9700A03A61 /* MinGSwiftUILibrary */,
				F25D8DF02EBDBB9900A03A61 /* MinGSwiftUILibraryTests */,
				F25D8DFA2EBDBB9900A03A61 /* MinGSwiftUILibraryUITests */,
				F25D8DE12EBDBB9700A03A61 /* Products */,
			);
			sourceTree = "<group>";
		};
		F25D8DE12EBDBB9700A03A61 /* Products */ = {
			isa = PBXGroup;
			children = (
				F25D8DE02EBDBB9700A03A61 /* MinGSwiftUILibrary.app */,
				F25D8DED2EBDBB9900A03A61 /* MinGSwiftUILibraryTests.xctest */,
				F25D8DF72EBDBB9900A03A61 /* MinGSwiftUILibraryUITests.xctest */,
			);
			name = Products;
			sourceTree = "<group>";
		};
/* End PBXGroup section */

/* Begin PBXNativeTarget section */
		F25D8DDF2EBDBB9700A03A61 /* MinGSwiftUILibrary */ = {
			isa = PBXNativeTarget;
			buildConfigurationList = F25D8E012EBDBB9900A03A61 /* Build configuration list for PBXNativeTarget "MinGSwiftUILibrary" */;
			buildPhases = (
				F25D8DDC2EBDBB9700A03A61 /* Sources */,
				F25D8DDD2EBDBB9700A03A61 /* Frameworks */,
				F25D8DDE2EBDBB9700A03A61 /* Resources */,
			);
			buildRules = (
			);
			dependencies = (
			);
			fileSystemSynchronizedGroups = (
				F25D8DE22EBDBB9700A03A61 /* MinGSwiftUILibrary */,
			);
			name = MinGSwiftUILibrary;
			packageProductDependencies = (
			);
			productName = MinGSwiftUILibrary;
			productReference = F25D8DE02EBDBB9700A03A61 /* MinGSwiftUILibrary.app */;
			productType = "com.apple.product-type.application";
		};
		F25D8DEC2EBDBB9900A03A61 /* MinGSwiftUILibraryTests */ = {
			isa = PBXNativeTarget;
			buildConfigurationList = F25D8E042EBDBB9900A03A61 /* Build configuration list for PBXNativeTarget "MinGSwiftUILibraryTests" */;
			buildPhases = (
				F25D8DE92EBDBB9900A03A61 /* Sources */,
				F25D8DEA2EBDBB9900A03A61 /* Frameworks */,
				F25D8DEB2EBDBB9900A03A61 /* Resources */,
			);
			buildRules = (
			);
			dependencies = (
				F25D8DEF2EBDBB9900A03A61 /* PBXTargetDependency */,
			);
			fileSystemSynchronizedGroups = (
				F25D8DF02EBDBB9900A03A61 /* MinGSwiftUILibraryTests */,
			);
			name = MinGSwiftUILibraryTests;
			packageProductDependencies = (
			);
			productName = MinGSwiftUILibraryTests;
			productReference = F25D8DED2EBDBB9900A03A61 /* MinGSwiftUILibraryTests.xctest */;
			productType = "com.apple.product-type.bundle.unit-test";
		};
		F25D8DF62EBDBB9900A03A61 /* MinGSwiftUILibraryUITests */ = {
			isa = PBXNativeTarget;
			buildConfigurationList = F25D8E072EBDBB9900A03A61 /* Build configuration list for PBXNativeTarget "MinGSwiftUILibraryUITests" */;
			buildPhases = (
				F25D8DF32EBDBB9900A03A61 /* Sources */,
				F25D8DF42EBDBB9900A03A61 /* Frameworks */,
				F25D8DF52EBDBB9900A03A61 /* Resources */,
			);
			buildRules = (
			);
			dependencies = (
				F25D8DF92EBDBB9900A03A61 /* PBXTargetDependency */,
			);
			fileSystemSynchronizedGroups = (
				F25D8DFA2EBDBB9900A03A61 /* MinGSwiftUILibraryUITests */,
			);
			name = MinGSwiftUILibraryUITests;
			packageProductDependencies = (
			);
			productName = MinGSwiftUILibraryUITests;
			productReference = F25D8DF72EBDBB9900A03A61 /* MinGSwiftUILibraryUITests.xctest */;
			productType = "com.apple.product-type.bundle.ui-testing";
		};
/* End PBXNativeTarget section */

/* Begin PBXProject section */
		F25D8DD82EBDBB9700A03A61 /* Project object */ = {
			isa = PBXProject;
			attributes = {
				BuildIndependentTargetsInParallel = 1;
				LastSwiftUpdateCheck = 1640;
				LastUpgradeCheck = 1640;
				TargetAttributes = {
					F25D8DDF2EBDBB9700A03A61 = {
						CreatedOnToolsVersion = 16.4;
					};
					F25D8DEC2EBDBB9900A03A61 = {
						CreatedOnToolsVersion = 16.4;
						TestTargetID = F25D8DDF2EBDBB9700A03A61;
					};
					F25D8DF62EBDBB9900A03A61 = {
						CreatedOnToolsVersion = 16.4;
						TestTargetID = F25D8DDF2EBDBB9700A03A61;
					};
				};
			};
			buildConfigurationList = F25D8DDB2EBDBB9700A03A61 /* Build configuration list for PBXProject "MinGSwiftUILibrary" */;
			developmentRegion = en;
			hasScannedForEncodings = 0;
			knownRegions = (
				en,
				Base,
			);
			mainGroup = F25D8DD72EBDBB9700A03A61;
			minimizedProjectReferenceProxies = 1;
			preferredProjectObjectVersion = 77;
			productRefGroup = F25D8DE12EBDBB9700A03A61 /* Products */;
			projectDirPath = "";
			projectRoot = "";
			targets = (
				F25D8DDF2EBDBB9700A03A61 /* MinGSwiftUILibrary */,
				F25D8DEC2EBDBB9900A03A61 /* MinGSwiftUILibraryTests */,
				F25D8DF62EBDBB9900A03A61 /* MinGSwiftUILibraryUITests */,
			);
		};
/* End PBXProject section */

/* Begin PBXResourcesBuildPhase section */
		F25D8DDE2EBDBB9700A03A61 /* Resources */ = {
			isa = PBXResourcesBuildPhase;
			buildActionMask = 2147483647;
			files = (
			);
			runOnlyForDeploymentPostprocessing = 0;
		};
		F25D8DEB2EBDBB9900A03A61 /* Resources */ = {
			isa = PBXResourcesBuildPhase;
			buildActionMask = 2147483647;
			files = (
			);
			runOnlyForDeploymentPostprocessing = 0;
		};
		F25D8DF52EBDBB9900A03A61 /* Resources */ = {
			isa = PBXResourcesBuildPhase;
			buildActionMask = 2147483647;
			files = (
			);
			runOnlyForDeploymentPostprocessing = 0;
		};
/* End PBXResourcesBuildPhase section */

/* Begin PBXSourcesBuildPhase section */
		F25D8DDC2EBDBB9700A03A61 /* Sources */ = {
			isa = PBXSourcesBuildPhase;
			buildActionMask = 2147483647;
			files = (
			);
			runOnlyForDeploymentPostprocessing = 0;
		};
		F25D8DE92EBDBB9900A03A61 /* Sources */ = {
			isa = PBXSourcesBuildPhase;
			buildActionMask = 2147483647;
			files = (
			);
			runOnlyForDeploymentPostprocessing = 0;
		};
		F25D8DF32EBDBB9900A03A61 /* Sources */ = {
			isa = PBXSourcesBuildPhase;
			buildActionMask = 2147483647;
			files = (
			);
			runOnlyForDeploymentPostprocessing = 0;
		};
/* End PBXSourcesBuildPhase section */

/* Begin PBXTargetDependency section */
		F25D8DEF2EBDBB9900A03A61 /* PBXTargetDependency */ = {
			isa = PBXTargetDependency;
			target = F25D8DDF2EBDBB9700A03A61 /* MinGSwiftUILibrary */;
			targetProxy = F25D8DEE2EBDBB9900A03A61 /* PBXContainerItemProxy */;
		};
		F25D8DF92EBDBB9900A03A61 /* PBXTargetDependency */ = {
			isa = PBXTargetDependency;
			target = F25D8DDF2EBDBB9700A03A61 /* MinGSwiftUILibrary */;
			targetProxy = F25D8DF82EBDBB9900A03A61 /* PBXContainerItemProxy */;
		};
/* End PBXTargetDependency section */

/* Begin XCBuildConfiguration section */
		F25D8DFF2EBDBB9900A03A61 /* Debug */ = {
			isa = XCBuildConfiguration;
			buildSettings = {
				ALWAYS_SEARCH_USER_PATHS = NO;
				ASSETCATALOG_COMPILER_GENERATE_SWIFT_ASSET_SYMBOL_EXTENSIONS = YES;
				CLANG_ANALYZER_NONNULL = YES;
				CLANG_ANALYZER_NUMBER_OBJECT_CONVERSION = YES_AGGRESSIVE;
				CLANG_CXX_LANGUAGE_STANDARD = "gnu++20";
				CLANG_ENABLE_MODULES = YES;
				CLANG_ENABLE_OBJC_ARC = YES;
				CLANG_ENABLE_OBJC_WEAK = YES;
				CLANG_WARN_BLOCK_CAPTURE_AUTORELEASING = YES;
				CLANG_WARN_BOOL_CONVERSION = YES;
				CLANG_WARN_COMMA = YES;
				CLANG_WARN_CONSTANT_CONVERSION = YES;
				CLANG_WARN_DEPRECATED_OBJC_IMPLEMENTATIONS = YES;
				CLANG_WARN_DIRECT_OBJC_ISA_USAGE = YES_ERROR;
				CLANG_WARN_DOCUMENTATION_COMMENTS = YES;
				CLANG_WARN_EMPTY_BODY = YES;
				CLANG_WARN_ENUM_CONVERSION = YES;
				CLANG_WARN_INFINITE_RECURSION = YES;
				CLANG_WARN_INT_CONVERSION = YES;
				CLANG_WARN_NON_LITERAL_NULL_CONVERSION = YES;
				CLANG_WARN_OBJC_IMPLICIT_RETAIN_SELF = YES;
				CLANG_WARN_OBJC_LITERAL_CONVERSION = YES;
				CLANG_WARN_OBJC_ROOT_CLASS = YES_ERROR;
				CLANG_WARN_QUOTED_INCLUDE_IN_FRAMEWORK_HEADER = YES;
				CLANG_WARN_RANGE_LOOP_ANALYSIS = YES;
				CLANG_WARN_STRICT_PROTOTYPES = YES;
				CLANG_WARN_SUSPICIOUS_MOVE = YES;
				CLANG_WARN_UNGUARDED_AVAILABILITY = YES_AGGRESSIVE;
				CLANG_WARN_UNREACHABLE_CODE = YES;
				CLANG_WARN__DUPLICATE_METHOD_MATCH = YES;
				COPY_PHASE_STRIP = NO;
				DEBUG_INFORMATION_FORMAT = dwarf;
				ENABLE_STRICT_OBJC_MSGSEND = YES;
				ENABLE_TESTABILITY = YES;
				ENABLE_USER_SCRIPT_SANDBOXING = YES;
				GCC_C_LANGUAGE_STANDARD = gnu17;
				GCC_DYNAMIC_NO_PIC = NO;
				GCC_NO_COMMON_BLOCKS = YES;
				GCC_OPTIMIZATION_LEVEL = 0;
				GCC_PREPROCESSOR_DEFINITIONS = (
					"DEBUG=1",
					"$(inherited)",
				);
				GCC_WARN_64_TO_32_BIT_CONVERSION = YES;
				GCC_WARN_ABOUT_RETURN_TYPE = YES_ERROR;
				GCC_WARN_UNDECLARED_SELECTOR = YES;
				GCC_WARN_UNINITIALIZED_AUTOS = YES_AGGRESSIVE;
				GCC_WARN_UNUSED_FUNCTION = YES;
				GCC_WARN_UNUSED_VARIABLE = YES;
				IPHONEOS_DEPLOYMENT_TARGET = 18.5;
				LOCALIZATION_PREFERS_STRING_CATALOGS = YES;
				MTL_ENABLE_DEBUG_INFO = INCLUDE_SOURCE;
				MTL_FAST_MATH = YES;
				ONLY_ACTIVE_ARCH = YES;
				SDKROOT = iphoneos;
				SWIFT_ACTIVE_COMPILATION_CONDITIONS = "DEBUG $(inherited)";
				SWIFT_OPTIMIZATION_LEVEL = "-Onone";
			};
			name = Debug;
		};
		F25D8E002EBDBB9900A03A61 /* Release */ = {
			isa = XCBuildConfiguration;
			buildSettings = {
				ALWAYS_SEARCH_USER_PATHS = NO;
				ASSETCATALOG_COMPILER_GENERATE_SWIFT_ASSET_SYMBOL_EXTENSIONS = YES;
				CLANG_ANALYZER_NONNULL = YES;
				CLANG_ANALYZER_NUMBER_OBJECT_CONVERSION = YES_AGGRESSIVE;
				CLANG_CXX_LANGUAGE_STANDARD = "gnu++20";
				CLANG_ENABLE_MODULES = YES;
				CLANG_ENABLE_OBJC_ARC = YES;
				CLANG_ENABLE_OBJC_WEAK = YES;
				CLANG_WARN_BLOCK_CAPTURE_AUTORELEASING = YES;
				CLANG_WARN_BOOL_CONVERSION = YES;
				CLANG_WARN_COMMA = YES;
				CLANG_WARN_CONSTANT_CONVERSION = YES;
				CLANG_WARN_DEPRECATED_OBJC_IMPLEMENTATIONS = YES;
				CLANG_WARN_DIRECT_OBJC_ISA_USAGE = YES_ERROR;
				CLANG_WARN_DOCUMENTATION_COMMENTS = YES;
				CLANG_WARN_EMPTY_BODY = YES;
				CLANG_WARN_ENUM_CONVERSION = YES;
				CLANG_WARN_INFINITE_RECURSION = YES;
				CLANG_WARN_INT_CONVERSION = YES;
				CLANG_WARN_NON_LITERAL_NULL_CONVERSION = YES;
				CLANG_WARN_OBJC_IMPLICIT_RETAIN_SELF = YES;
				CLANG_WARN_OBJC_LITERAL_CONVERSION = YES;
				CLANG_WARN_OBJC_ROOT_CLASS = YES_ERROR;
				CLANG_WARN_QUOTED_INCLUDE_IN_FRAMEWORK_HEADER = YES;
				CLANG_WARN_RANGE_LOOP_ANALYSIS = YES;
				CLANG_WARN_STRICT_PROTOTYPES = YES;
				CLANG_WARN_SUSPICIOUS_MOVE = YES;
				CLANG_WARN_UNGUARDED_AVAILABILITY = YES_AGGRESSIVE;
				CLANG_WARN_UNREACHABLE_CODE = YES;
				CLANG_WARN__DUPLICATE_METHOD_MATCH = YES;
				COPY_PHASE_STRIP = NO;
				DEBUG_INFORMATION_FORMAT = "dwarf-with-dsym";
				ENABLE_NS_ASSERTIONS = NO;
				ENABLE_STRICT_OBJC_MSGSEND = YES;
				ENABLE_USER_SCRIPT_SANDBOXING = YES;
				GCC_C_LANGUAGE_STANDARD = gnu17;
				GCC_NO_COMMON_BLOCKS = YES;
				GCC_WARN_64_TO_32_BIT_CONVERSION = YES;
				GCC_WARN_ABOUT_RETURN_TYPE = YES_ERROR;
				GCC_WARN_UNDECLARED_SELECTOR = YES;
				GCC_WARN_UNINITIALIZED_AUTOS = YES_AGGRESSIVE;
				GCC_WARN_UNUSED_FUNCTION = YES;
				GCC_WARN_UNUSED_VARIABLE = YES;
				IPHONEOS_DEPLOYMENT_TARGET = 18.5;
				LOCALIZATION_PREFERS_STRING_CATALOGS = YES;
				MTL_ENABLE_DEBUG_INFO = NO;
				MTL_FAST_MATH = YES;
				SDKROOT = iphoneos;
				SWIFT_COMPILATION_MODE = wholemodule;
				VALIDATE_PRODUCT = YES;
			};
			name = Release;
		};
		F25D8E022EBDBB9900A03A61 /* Debug */ = {
			isa = XCBuildConfiguration;
			buildSettings = {
				ASSETCATALOG_COMPILER_APPICON_NAME = AppIcon;
				ASSETCATALOG_COMPILER_GLOBAL_ACCENT_COLOR_NAME = AccentColor;
				CODE_SIGN_STYLE = Automatic;
				CURRENT_PROJECT_VERSION = 1;
				DEVELOPMENT_TEAM = S4U5R7WQGT;
				ENABLE_PREVIEWS = YES;
				GENERATE_INFOPLIST_FILE = YES;
				INFOPLIST_KEY_UIApplicationSceneManifest_Generation = YES;
				INFOPLIST_KEY_UIApplicationSupportsIndirectInputEvents = YES;
				INFOPLIST_KEY_UILaunchScreen_Generation = YES;
				INFOPLIST_KEY_UISupportedInterfaceOrientations_iPad = "UIInterfaceOrientationPortrait UIInterfaceOrientationPortraitUpsideDown UIInterfaceOrientationLandscapeLeft UIInterfaceOrientationLandscapeRight";
				INFOPLIST_KEY_UISupportedInterfaceOrientations_iPhone = "UIInterfaceOrientationPortrait UIInterfaceOrientationLandscapeLeft UIInterfaceOrientationLandscapeRight";
				LD_RUNPATH_SEARCH_PATHS = (
					"$(inherited)",
					"@executable_path/Frameworks",
				);
				MARKETING_VERSION = 1.0;
				PRODUCT_BUNDLE_IDENTIFIER = com.MinG.test.MinGSwiftUILibrary;
				PRODUCT_NAME = "$(TARGET_NAME)";
				SWIFT_EMIT_LOC_STRINGS = YES;
				SWIFT_VERSION = 5.0;
				TARGETED_DEVICE_FAMILY = "1,2";
			};
			name = Debug;
		};
		F25D8E032EBDBB9900A03A61 /* Release */ = {
			isa = XCBuildConfiguration;
			buildSettings = {
				ASSETCATALOG_COMPILER_APPICON_NAME = AppIcon;
				ASSETCATALOG_COMPILER_GLOBAL_ACCENT_COLOR_NAME = AccentColor;
				CODE_SIGN_STYLE = Automatic;
				CURRENT_PROJECT_VERSION = 1;
				DEVELOPMENT_TEAM = S4U5R7WQGT;
				ENABLE_PREVIEWS = YES;
				GENERATE_INFOPLIST_FILE = YES;
				INFOPLIST_KEY_UIApplicationSceneManifest_Generation = YES;
				INFOPLIST_KEY_UIApplicationSupportsIndirectInputEvents = YES;
				INFOPLIST_KEY_UILaunchScreen_Generation = YES;
				INFOPLIST_KEY_UISupportedInterfaceOrientations_iPad = "UIInterfaceOrientationPortrait UIInterfaceOrientationPortraitUpsideDown UIInterfaceOrientationLandscapeLeft UIInterfaceOrientationLandscapeRight";
				INFOPLIST_KEY_UISupportedInterfaceOrientations_iPhone = "UIInterfaceOrientationPortrait UIInterfaceOrientationLandscapeLeft UIInterfaceOrientationLandscapeRight";
				LD_RUNPATH_SEARCH_PATHS = (
					"$(inherited)",
					"@executable_path/Frameworks",
				);
				MARKETING_VERSION = 1.0;
				PRODUCT_BUNDLE_IDENTIFIER = com.MinG.test.MinGSwiftUILibrary;
				PRODUCT_NAME = "$(TARGET_NAME)";
				SWIFT_EMIT_LOC_STRINGS = YES;
				SWIFT_VERSION = 5.0;
				TARGETED_DEVICE_FAMILY = "1,2";
			};
			name = Release;
		};
		F25D8E052EBDBB9900A03A61 /* Debug */ = {
			isa = XCBuildConfiguration;
			buildSettings = {
				BUNDLE_LOADER = "$(TEST_HOST)";
				CODE_SIGN_STYLE = Automatic;
				CURRENT_PROJECT_VERSION = 1;
				GENERATE_INFOPLIST_FILE = YES;
				IPHONEOS_DEPLOYMENT_TARGET = 18.5;
				MARKETING_VERSION = 1.0;
				PRODUCT_BUNDLE_IDENTIFIER = com.MinG.test.MinGSwiftUILibraryTests;
				PRODUCT_NAME = "$(TARGET_NAME)";
				SWIFT_EMIT_LOC_STRINGS = NO;
				SWIFT_VERSION = 5.0;
				TARGETED_DEVICE_FAMILY = "1,2";
				TEST_HOST = "$(BUILT_PRODUCTS_DIR)/MinGSwiftUILibrary.app/$(BUNDLE_EXECUTABLE_FOLDER_PATH)/MinGSwiftUILibrary";
			};
			name = Debug;
		};
		F25D8E062EBDBB9900A03A61 /* Release */ = {
			isa = XCBuildConfiguration;
			buildSettings = {
				BUNDLE_LOADER = "$(TEST_HOST)";
				CODE_SIGN_STYLE = Automatic;
				CURRENT_PROJECT_VERSION = 1;
				GENERATE_INFOPLIST_FILE = YES;
				IPHONEOS_DEPLOYMENT_TARGET = 18.5;
				MARKETING_VERSION = 1.0;
				PRODUCT_BUNDLE_IDENTIFIER = com.MinG.test.MinGSwiftUILibraryTests;
				PRODUCT_NAME = "$(TARGET_NAME)";
				SWIFT_EMIT_LOC_STRINGS = NO;
				SWIFT_VERSION = 5.0;
				TARGETED_DEVICE_FAMILY = "1,2";
				TEST_HOST = "$(BUILT_PRODUCTS_DIR)/MinGSwiftUILibrary.app/$(BUNDLE_EXECUTABLE_FOLDER_PATH)/MinGSwiftUILibrary";
			};
			name = Release;
		};
		F25D8E082EBDBB9900A03A61 /* Debug */ = {
			isa = XCBuildConfiguration;
			buildSettings = {
				CODE_SIGN_STYLE = Automatic;
				CURRENT_PROJECT_VERSION = 1;
				GENERATE_INFOPLIST_FILE = YES;
				MARKETING_VERSION = 1.0;
				PRODUCT_BUNDLE_IDENTIFIER = com.MinG.test.MinGSwiftUILibraryUITests;
				PRODUCT_NAME = "$(TARGET_NAME)";
				SWIFT_EMIT_LOC_STRINGS = NO;
				SWIFT_VERSION = 5.0;
				TARGETED_DEVICE_FAMILY = "1,2";
				TEST_TARGET_NAME = MinGSwiftUILibrary;
			};
			name = Debug;
		};
		F25D8E092EBDBB9900A03A61 /* Release */ = {
			isa = XCBuildConfiguration;
			buildSettings = {
				CODE_SIGN_STYLE = Automatic;
				CURRENT_PROJECT_VERSION = 1;
				GENERATE_INFOPLIST_FILE = YES;
				MARKETING_VERSION = 1.0;
				PRODUCT_BUNDLE_IDENTIFIER = com.MinG.test.MinGSwiftUILibraryUITests;
				PRODUCT_NAME = "$(TARGET_NAME)";
				SWIFT_EMIT_LOC_STRINGS = NO;
				SWIFT_VERSION = 5.0;
				TARGETED_DEVICE_FAMILY = "1,2";
				TEST_TARGET_NAME = MinGSwiftUILibrary;
			};
			name = Release;
		};
/* End XCBuildConfiguration section */

/* Begin XCConfigurationList section */
		F25D8DDB2EBDBB9700A03A61 /* Build configuration list for PBXProject "MinGSwiftUILibrary" */ = {
			isa = XCConfigurationList;
			buildConfigurations = (
				F25D8DFF2EBDBB9900A03A61 /* Debug */,
				F25D8E002EBDBB9900A03A61 /* Release */,
			);
			defaultConfigurationIsVisible = 0;
			defaultConfigurationName = Release;
		};
		F25D8E012EBDBB9900A03A61 /* Build configuration list for PBXNativeTarget "MinGSwiftUILibrary" */ = {
			isa = XCConfigurationList;
			buildConfigurations = (
				F25D8E022EBDBB9900A03A61 /* Debug */,
				F25D8E032EBDBB9900A03A61 /* Release */,
			);
			defaultConfigurationIsVisible = 0;
			defaultConfigurationName = Release;
		};
		F25D8E042EBDBB9900A03A61 /* Build configuration list for PBXNativeTarget "MinGSwiftUILibraryTests" */ = {
			isa = XCConfigurationList;
			buildConfigurations = (
				F25D8E052EBDBB9900A03A61 /* Debug */,
				F25D8E062EBDBB9900A03A61 /* Release */,
			);
			defaultConfigurationIsVisible = 0;
			defaultConfigurationName = Release;
		};
		F25D8E072EBDBB9900A03A61 /* Build configuration list for PBXNativeTarget "MinGSwiftUILibraryUITests" */ = {
			isa = XCConfigurationList;
			buildConfigurations = (
				F25D8E082EBDBB9900A03A61 /* Debug */,
				F25D8E092EBDBB9900A03A61 /* Release */,
			);
			defaultConfigurationIsVisible = 0;
			defaultConfigurationName = Release;
		};
/* End XCConfigurationList section */
	};
	rootObject = F25D8DD82EBDBB9700A03A61 /* Project object */;
}
